{
  "name": "homebridge-gpio-sensors",
  "version": "0.0.1",
  "lockfileVersion": 1,
  "requires": true,
  "dependencies": {
    "bindings": {
      "version": "1.3.0",
      "resolved": "https://registry.npmjs.org/bindings/-/bindings-1.3.0.tgz",
      "integrity": "sha512-DpLh5EzMR2kzvX1KIlVC0VkC3iZtHKTgdtZ0a3pglBZdaQFjt5S9g9xd1lE+YvXyfd6mtCeRnrUfOLYiTMlNSw=="
    },
    "nan": {
      "version": "2.8.0",
      "resolved": "https://registry.npmjs.org/nan/-/nan-2.8.0.tgz",
      "integrity": "sha1-7XFfP+neArV6XmJS2QqWZ14fCFo="
    },
    "rpio": {
      "version": "0.9.20",
      "resolved": "https://registry.npmjs.org/rpio/-/rpio-0.9.20.tgz",
      "integrity": "sha1-p9XZk6UhABVdHrehKal4E64a7aU=",
      "requires": {
        "bindings": "1.3.0",
        "nan": "2.8.0"
      }
    }
  }
}
